// !$*UTF8*$!
{
	archiveVersion = 1;
	classes = {
	};
	objectVersion = 50;
	objects = {

/* Begin PBXBuildFile section */
		C7A24E6724AB0FB3006CA56F /* AppDelegate.swift in Sources */ = {isa = PBXBuildFile; fileRef = C7A24E6624AB0FB3006CA56F /* AppDelegate.swift */; };
		C7A24E6924AB0FB3006CA56F /* SceneDelegate.swift in Sources */ = {isa = PBXBuildFile; fileRef = C7A24E6824AB0FB3006CA56F /* SceneDelegate.swift */; };
		C7A24E6B24AB0FB3006CA56F /* DocumentViewController.swift in Sources */ = {isa = PBXBuildFile; fileRef = C7A24E6A24AB0FB3006CA56F /* DocumentViewController.swift */; };
		C7A24E6E24AB0FB3006CA56F /* Main.storyboard in Resources */ = {isa = PBXBuildFile; fileRef = C7A24E6C24AB0FB3006CA56F /* Main.storyboard */; };
		C7A24E7024AB0FB5006CA56F /* Assets.xcassets in Resources */ = {isa = PBXBuildFile; fileRef = C7A24E6F24AB0FB5006CA56F /* Assets.xcassets */; };
		C7A24E7324AB0FB5006CA56F /* LaunchScreen.storyboard in Resources */ = {isa = PBXBuildFile; fileRef = C7A24E7124AB0FB5006CA56F /* LaunchScreen.storyboard */; };
		C7A24E7B24AC3A77006CA56F /* SpeechService.swift in Sources */ = {isa = PBXBuildFile; fileRef = C7A24E7A24AC3A76006CA56F /* SpeechService.swift */; };
		C7BD2EB124B67759006034DF /* SettingsViewController.swift in Sources */ = {isa = PBXBuildFile; fileRef = C7BD2EB024B67759006034DF /* SettingsViewController.swift */; };
		C7BD2EB324B6815A006034DF /* ViewController.swift in Sources */ = {isa = PBXBuildFile; fileRef = C7BD2EB224B6815A006034DF /* ViewController.swift */; };
		C7BD2EB624B6DE82006034DF /* Project.xcdatamodeld in Sources */ = {isa = PBXBuildFile; fileRef = C7BD2EB424B6DE82006034DF /* Project.xcdatamodeld */; };
		C7BD2EDB24B6E587006034DF /* Protocols.swift in Sources */ = {isa = PBXBuildFile; fileRef = C7BD2EDA24B6E587006034DF /* Protocols.swift */; };
/* End PBXBuildFile section */

/* Begin PBXFileReference section */
		C7A24E6324AB0FB3006CA56F /* Audify.app */ = {isa = PBXFileReference; explicitFileType = wrapper.application; includeInIndex = 0; path = Audify.app; sourceTree = BUILT_PRODUCTS_DIR; };
		C7A24E6624AB0FB3006CA56F /* AppDelegate.swift */ = {isa = PBXFileReference; lastKnownFileType = sourcecode.swift; path = AppDelegate.swift; sourceTree = "<group>"; };
		C7A24E6824AB0FB3006CA56F /* SceneDelegate.swift */ = {isa = PBXFileReference; lastKnownFileType = sourcecode.swift; path = SceneDelegate.swift; sourceTree = "<group>"; };
		C7A24E6A24AB0FB3006CA56F /* DocumentViewController.swift */ = {isa = PBXFileReference; lastKnownFileType = sourcecode.swift; path = DocumentViewController.swift; sourceTree = "<group>"; };
		C7A24E6D24AB0FB3006CA56F /* Base */ = {isa = PBXFileReference; lastKnownFileType = file.storyboard; name = Base; path = Base.lproj/Main.storyboard; sourceTree = "<group>"; };
		C7A24E6F24AB0FB5006CA56F /* Assets.xcassets */ = {isa = PBXFileReference; lastKnownFileType = folder.assetcatalog; path = Assets.xcassets; sourceTree = "<group>"; };
		C7A24E7224AB0FB5006CA56F /* Base */ = {isa = PBXFileReference; lastKnownFileType = file.storyboard; name = Base; path = Base.lproj/LaunchScreen.storyboard; sourceTree = "<group>"; };
		C7A24E7424AB0FB5006CA56F /* Info.plist */ = {isa = PBXFileReference; lastKnownFileType = text.plist.xml; path = Info.plist; sourceTree = "<group>"; };
		C7A24E7A24AC3A76006CA56F /* SpeechService.swift */ = {isa = PBXFileReference; lastKnownFileType = sourcecode.swift; path = SpeechService.swift; sourceTree = "<group>"; };
		C7BD2EB024B67759006034DF /* SettingsViewController.swift */ = {isa = PBXFileReference; lastKnownFileType = sourcecode.swift; path = SettingsViewController.swift; sourceTree = "<group>"; };
		C7BD2EB224B6815A006034DF /* ViewController.swift */ = {isa = PBXFileReference; lastKnownFileType = sourcecode.swift; path = ViewController.swift; sourceTree = "<group>"; };
		C7BD2EB524B6DE82006034DF /* DocumentModel.xcdatamodel */ = {isa = PBXFileReference; lastKnownFileType = wrapper.xcdatamodel; path = DocumentModel.xcdatamodel; sourceTree = "<group>"; };
		C7BD2EDA24B6E587006034DF /* Protocols.swift */ = {isa = PBXFileReference; lastKnownFileType = sourcecode.swift; path = Protocols.swift; sourceTree = "<group>"; };
/* End PBXFileReference section */

/* Begin PBXFrameworksBuildPhase section */
		C7A24E6024AB0FB3006CA56F /* Frameworks */ = {
			isa = PBXFrameworksBuildPhase;
			buildActionMask = 2147483647;
			files = (
			);
			runOnlyForDeploymentPostprocessing = 0;
		};
/* End PBXFrameworksBuildPhase section */

/* Begin PBXGroup section */
		C7A24E5A24AB0FB2006CA56F = {
			isa = PBXGroup;
			children = (
				C7BD2EB424B6DE82006034DF /* Project.xcdatamodeld */,
				C7A24E6524AB0FB3006CA56F /* Project */,
				C7A24E6424AB0FB3006CA56F /* Products */,
			);
			sourceTree = "<group>";
		};
		C7A24E6424AB0FB3006CA56F /* Products */ = {
			isa = PBXGroup;
			children = (
				C7A24E6324AB0FB3006CA56F /* Audify.app */,
			);
			name = Products;
			sourceTree = "<group>";
		};
		C7A24E6524AB0FB3006CA56F /* Project */ = {
			isa = PBXGroup;
			children = (
				C7A24E6624AB0FB3006CA56F /* AppDelegate.swift */,
				C7A24E6824AB0FB3006CA56F /* SceneDelegate.swift */,
				C7A24E7A24AC3A76006CA56F /* SpeechService.swift */,
				C7BD2EDA24B6E587006034DF /* Protocols.swift */,
				C7BD2EB024B67759006034DF /* SettingsViewController.swift */,
				C7BD2EB224B6815A006034DF /* ViewController.swift */,
				C7A24E6A24AB0FB3006CA56F /* DocumentViewController.swift */,
				C7A24E6C24AB0FB3006CA56F /* Main.storyboard */,
				C7A24E6F24AB0FB5006CA56F /* Assets.xcassets */,
				C7A24E7124AB0FB5006CA56F /* LaunchScreen.storyboard */,
				C7A24E7424AB0FB5006CA56F /* Info.plist */,
			);
			path = Project;
			sourceTree = "<group>";
		};
/* End PBXGroup section */

/* Begin PBXNativeTarget section */
		C7A24E6224AB0FB3006CA56F /* Project */ = {
			isa = PBXNativeTarget;
			buildConfigurationList = C7A24E7724AB0FB5006CA56F /* Build configuration list for PBXNativeTarget "Project" */;
			buildPhases = (
				C7A24E5F24AB0FB3006CA56F /* Sources */,
				C7A24E6024AB0FB3006CA56F /* Frameworks */,
				C7A24E6124AB0FB3006CA56F /* Resources */,
			);
			buildRules = (
			);
			dependencies = (
			);
			name = Project;
			productName = Project;
			productReference = C7A24E6324AB0FB3006CA56F /* Audify.app */;
			productType = "com.apple.product-type.application";
		};
/* End PBXNativeTarget section */

/* Begin PBXProject section */
		C7A24E5B24AB0FB2006CA56F /* Project object */ = {
			isa = PBXProject;
			attributes = {
				LastSwiftUpdateCheck = 1150;
				LastUpgradeCheck = 1150;
				ORGANIZATIONNAME = "Dorian Bizgan";
				TargetAttributes = {
					C7A24E6224AB0FB3006CA56F = {
						CreatedOnToolsVersion = 11.5;
					};
				};
			};
			buildConfigurationList = C7A24E5E24AB0FB2006CA56F /* Build configuration list for PBXProject "Project" */;
			compatibilityVersion = "Xcode 9.3";
			developmentRegion = en;
			hasScannedForEncodings = 0;
			knownRegions = (
				en,
				Base,
			);
			mainGroup = C7A24E5A24AB0FB2006CA56F;
			productRefGroup = C7A24E6424AB0FB3006CA56F /* Products */;
			projectDirPath = "";
			projectRoot = "";
			targets = (
				C7A24E6224AB0FB3006CA56F /* Project */,
			);
		};
/* End PBXProject section */

/* Begin PBXResourcesBuildPhase section */
		C7A24E6124AB0FB3006CA56F /* Resources */ = {
			isa = PBXResourcesBuildPhase;
			buildActionMask = 2147483647;
			files = (
				C7A24E7324AB0FB5006CA56F /* LaunchScreen.storyboard in Resources */,
				C7A24E7024AB0FB5006CA56F /* Assets.xcassets in Resources */,
				C7A24E6E24AB0FB3006CA56F /* Main.storyboard in Resources */,
			);
			runOnlyForDeploymentPostprocessing = 0;
		};
/* End PBXResourcesBuildPhase section */

/* Begin PBXSourcesBuildPhase section */
		C7A24E5F24AB0FB3006CA56F /* Sources */ = {
			isa = PBXSourcesBuildPhase;
			buildActionMask = 2147483647;
			files = (
				C7A24E6B24AB0FB3006CA56F /* DocumentViewController.swift in Sources */,
				C7A24E7B24AC3A77006CA56F /* SpeechService.swift in Sources */,
				C7A24E6724AB0FB3006CA56F /* AppDelegate.swift in Sources */,
				C7BD2EB324B6815A006034DF /* ViewController.swift in Sources */,
				C7BD2EB624B6DE82006034DF /* Project.xcdatamodeld in Sources */,
				C7BD2EB124B67759006034DF /* SettingsViewController.swift in Sources */,
				C7A24E6924AB0FB3006CA56F /* SceneDelegate.swift in Sources */,
				C7BD2EDB24B6E587006034DF /* Protocols.swift in Sources */,
			);
			runOnlyForDeploymentPostprocessing = 0;
		};
/* End PBXSourcesBuildPhase section */

/* Begin PBXVariantGroup section */
		C7A24E6C24AB0FB3006CA56F /* Main.storyboard */ = {
			isa = PBXVariantGroup;
			children = (
				C7A24E6D24AB0FB3006CA56F /* Base */,
			);
			name = Main.storyboard;
			sourceTree = "<group>";
		};
		C7A24E7124AB0FB5006CA56F /* LaunchScreen.storyboard */ = {
			isa = PBXVariantGroup;
			children = (
				C7A24E7224AB0FB5006CA56F /* Base */,
			);
			name = LaunchScreen.storyboard;
			sourceTree = "<group>";
		};
/* End PBXVariantGroup section */

/* Begin XCBuildConfiguration section */
		C7A24E7524AB0FB5006CA56F /* Debug */ = {
			isa = XCBuildConfiguration;
			buildSettings = {
				ALWAYS_SEARCH_USER_PATHS = NO;
				CLANG_ANALYZER_NONNULL = YES;
				CLANG_ANALYZER_NUMBER_OBJECT_CONVERSION = YES_AGGRESSIVE;
				CLANG_CXX_LANGUAGE_STANDARD = "gnu++14";
				CLANG_CXX_LIBRARY = "libc++";
				CLANG_ENABLE_MODULES = YES;
				CLANG_ENABLE_OBJC_ARC = YES;
				CLANG_ENABLE_OBJC_WEAK = YES;
				CLANG_WARN_BLOCK_CAPTURE_AUTORELEASING = YES;
				CLANG_WARN_BOOL_CONVERSION = YES;
				CLANG_WARN_COMMA = YES;
				CLANG_WARN_CONSTANT_CONVERSION = YES;
				CLANG_WARN_DEPRECATED_OBJC_IMPLEMENTATIONS = YES;
				CLANG_WARN_DIRECT_OBJC_ISA_USAGE = YES_ERROR;
				CLANG_WARN_DOCUMENTATION_COMMENTS = YES;
				CLANG_WARN_EMPTY_BODY = YES;
				CLANG_WARN_ENUM_CONVERSION = YES;
				CLANG_WARN_INFINITE_RECURSION = YES;
				CLANG_WARN_INT_CONVERSION = YES;
				CLANG_WARN_NON_LITERAL_NULL_CONVERSION = YES;
				CLANG_WARN_OBJC_IMPLICIT_RETAIN_SELF = YES;
				CLANG_WARN_OBJC_LITERAL_CONVERSION = YES;
				CLANG_WARN_OBJC_ROOT_CLASS = YES_ERROR;
				CLANG_WARN_RANGE_LOOP_ANALYSIS = YES;
				CLANG_WARN_STRICT_PROTOTYPES = YES;
				CLANG_WARN_SUSPICIOUS_MOVE = YES;
				CLANG_WARN_UNGUARDED_AVAILABILITY = YES_AGGRESSIVE;
				CLANG_WARN_UNREACHABLE_CODE = YES;
				CLANG_WARN__DUPLICATE_METHOD_MATCH = YES;
				COPY_PHASE_STRIP = NO;
				DEBUG_INFORMATION_FORMAT = dwarf;
				ENABLE_STRICT_OBJC_MSGSEND = YES;
				ENABLE_TESTABILITY = YES;
				GCC_C_LANGUAGE_STANDARD = gnu11;
				GCC_DYNAMIC_NO_PIC = NO;
				GCC_NO_COMMON_BLOCKS = YES;
				GCC_OPTIMIZATION_LEVEL = 0;
				GCC_PREPROCESSOR_DEFINITIONS = (
					"DEBUG=1",
					"$(inherited)",
				);
				GCC_WARN_64_TO_32_BIT_CONVERSION = YES;
				GCC_WARN_ABOUT_RETURN_TYPE = YES_ERROR;
				GCC_WARN_UNDECLARED_SELECTOR = YES;
				GCC_WARN_UNINITIALIZED_AUTOS = YES_AGGRESSIVE;
				GCC_WARN_UNUSED_FUNCTION = YES;
				GCC_WARN_UNUSED_VARIABLE = YES;
				IPHONEOS_DEPLOYMENT_TARGET = 13.5;
				MTL_ENABLE_DEBUG_INFO = INCLUDE_SOURCE;
				MTL_FAST_MATH = YES;
				ONLY_ACTIVE_ARCH = YES;
				SDKROOT = iphoneos;
				SWIFT_ACTIVE_COMPILATION_CONDITIONS = DEBUG;
				SWIFT_OPTIMIZATION_LEVEL = "-Onone";
			};
			name = Debug;
		};
		C7A24E7624AB0FB5006CA56F /* Release */ = {
			isa = XCBuildConfiguration;
			buildSettings = {
				ALWAYS_SEARCH_USER_PATHS = NO;
				CLANG_ANALYZER_NONNULL = YES;
				CLANG_ANALYZER_NUMBER_OBJECT_CONVERSION = YES_AGGRESSIVE;
				CLANG_CXX_LANGUAGE_STANDARD = "gnu++14";
				CLANG_CXX_LIBRARY = "libc++";
				CLANG_ENABLE_MODULES = YES;
				CLANG_ENABLE_OBJC_ARC = YES;
				CLANG_ENABLE_OBJC_WEAK = YES;
				CLANG_WARN_BLOCK_CAPTURE_AUTORELEASING = YES;
				CLANG_WARN_BOOL_CONVERSION = YES;
				CLANG_WARN_COMMA = YES;
				CLANG_WARN_CONSTANT_CONVERSION = YES;
				CLANG_WARN_DEPRECATED_OBJC_IMPLEMENTATIONS = YES;
				CLANG_WARN_DIRECT_OBJC_ISA_USAGE = YES_ERROR;
				CLANG_WARN_DOCUMENTATION_COMMENTS = YES;
				CLANG_WARN_EMPTY_BODY = YES;
				CLANG_WARN_ENUM_CONVERSION = YES;
				CLANG_WARN_INFINITE_RECURSION = YES;
				CLANG_WARN_INT_CONVERSION = YES;
				CLANG_WARN_NON_LITERAL_NULL_CONVERSION = YES;
				CLANG_WARN_OBJC_IMPLICIT_RETAIN_SELF = YES;
				CLANG_WARN_OBJC_LITERAL_CONVERSION = YES;
				CLANG_WARN_OBJC_ROOT_CLASS = YES_ERROR;
				CLANG_WARN_RANGE_LOOP_ANALYSIS = YES;
				CLANG_WARN_STRICT_PROTOTYPES = YES;
				CLANG_WARN_SUSPICIOUS_MOVE = YES;
				CLANG_WARN_UNGUARDED_AVAILABILITY = YES_AGGRESSIVE;
				CLANG_WARN_UNREACHABLE_CODE = YES;
				CLANG_WARN__DUPLICATE_METHOD_MATCH = YES;
				COPY_PHASE_STRIP = NO;
				DEBUG_INFORMATION_FORMAT = "dwarf-with-dsym";
				ENABLE_NS_ASSERTIONS = NO;
				ENABLE_STRICT_OBJC_MSGSEND = YES;
				GCC_C_LANGUAGE_STANDARD = gnu11;
				GCC_NO_COMMON_BLOCKS = YES;
				GCC_WARN_64_TO_32_BIT_CONVERSION = YES;
				GCC_WARN_ABOUT_RETURN_TYPE = YES_ERROR;
				GCC_WARN_UNDECLARED_SELECTOR = YES;
				GCC_WARN_UNINITIALIZED_AUTOS = YES_AGGRESSIVE;
				GCC_WARN_UNUSED_FUNCTION = YES;
				GCC_WARN_UNUSED_VARIABLE = YES;
				IPHONEOS_DEPLOYMENT_TARGET = 13.5;
				MTL_ENABLE_DEBUG_INFO = NO;
				MTL_FAST_MATH = YES;
				SDKROOT = iphoneos;
				SWIFT_COMPILATION_MODE = wholemodule;
				SWIFT_OPTIMIZATION_LEVEL = "-O";
				VALIDATE_PRODUCT = YES;
			};
			name = Release;
		};
		C7A24E7824AB0FB5006CA56F /* Debug */ = {
			isa = XCBuildConfiguration;
			buildSettings = {
				ASSETCATALOG_COMPILER_APPICON_NAME = AppIcon;
				CODE_SIGN_STYLE = Automatic;
				DEVELOPMENT_TEAM = B5ZQA82NGZ;
				INFOPLIST_FILE = Project/Info.plist;
				LD_RUNPATH_SEARCH_PATHS = (
					"$(inherited)",
					"@executable_path/Frameworks",
				);
				PRODUCT_BUNDLE_IDENTIFIER = cs371l.Audify;
				PRODUCT_NAME = Audify;
				SWIFT_VERSION = 5.0;
				TARGETED_DEVICE_FAMILY = "1,2";
			};
			name = Debug;
		};
		C7A24E7924AB0FB5006CA56F /* Release */ = {
			isa = XCBuildConfiguration;
			buildSettings = {
				ASSETCATALOG_COMPILER_APPICON_NAME = AppIcon;
				CODE_SIGN_STYLE = Automatic;
				DEVELOPMENT_TEAM = B5ZQA82NGZ;
				INFOPLIST_FILE = Project/Info.plist;
				LD_RUNPATH_SEARCH_PATHS = (
					"$(inherited)",
					"@executable_path/Frameworks",
				);
				PRODUCT_BUNDLE_IDENTIFIER = cs371l.Audify;
				PRODUCT_NAME = Audify;
				SWIFT_VERSION = 5.0;
				TARGETED_DEVICE_FAMILY = "1,2";
			};
			name = Release;
		};
/* End XCBuildConfiguration section */

/* Begin XCConfigurationList section */
		C7A24E5E24AB0FB2006CA56F /* Build configuration list for PBXProject "Project" */ = {
			isa = XCConfigurationList;
			buildConfigurations = (
				C7A24E7524AB0FB5006CA56F /* Debug */,
				C7A24E7624AB0FB5006CA56F /* Release */,
			);
			defaultConfigurationIsVisible = 0;
			defaultConfigurationName = Release;
		};
		C7A24E7724AB0FB5006CA56F /* Build configuration list for PBXNativeTarget "Project" */ = {
			isa = XCConfigurationList;
			buildConfigurations = (
				C7A24E7824AB0FB5006CA56F /* Debug */,
				C7A24E7924AB0FB5006CA56F /* Release */,
			);
			defaultConfigurationIsVisible = 0;
			defaultConfigurationName = Release;
		};
/* End XCConfigurationList section */

/* Begin XCVersionGroup section */
		C7BD2EB424B6DE82006034DF /* Project.xcdatamodeld */ = {
			isa = XCVersionGroup;
			children = (
				C7BD2EB524B6DE82006034DF /* DocumentModel.xcdatamodel */,
			);
			currentVersion = C7BD2EB524B6DE82006034DF /* DocumentModel.xcdatamodel */;
			path = Project.xcdatamodeld;
			sourceTree = "<group>";
			versionGroupType = wrapper.xcdatamodel;
		};
/* End XCVersionGroup section */
	};
	rootObject = C7A24E5B24AB0FB2006CA56F /* Project object */;
}
